
Microsoft Visual Studio Solution File, Format Version 12.00
# Visual Studio Version 16
VisualStudioVersion = 16.0.31205.134
MinimumVisualStudioVersion = 10.0.40219.1
Project("{FAE04EC0-301F-11D3-BF4B-00C04F79EFBC}") = "POO2021Agosto", "POO2021Agosto\POO2021Agosto.csproj", "{AFC9CA9F-1335-4BF6-BB18-07B8E18ADB84}"
EndProject
Project("{FAE04EC0-301F-11D3-BF4B-00C04F79EFBC}") = "LogicaModelos", "LogicaModelos\LogicaModelos.csproj", "{11BE36D6-9253-4C3E-A95C-07D949D2447F}"
EndProject
Project("{FAE04EC0-301F-11D3-BF4B-00C04F79EFBC}") = "EscuelaForms", "EscuelaForms\EscuelaForms.csproj", "{C23F53C1-2AC6-46B6-94F4-454373E39A3B}"
EndProject
Global
	GlobalSection(SolutionConfigurationPlatforms) = preSolution
		Debug|Any CPU = Debug|Any CPU
		Release|Any CPU = Release|Any CPU
	EndGlobalSection
	GlobalSection(ProjectConfigurationPlatforms) = postSolution
		{AFC9CA9F-1335-4BF6-BB18-07B8E18ADB84}.Debug|Any CPU.ActiveCfg = Debug|Any CPU
		{AFC9CA9F-1335-4BF6-BB18-07B8E18ADB84}.Debug|Any CPU.Build.0 = Debug|Any CPU
		{AFC9CA9F-1335-4BF6-BB18-07B8E18ADB84}.Release|Any CPU.ActiveCfg = Release|Any CPU
		{AFC9CA9F-1335-4BF6-BB18-07B8E18ADB84}.Release|Any CPU.Build.0 = Release|Any CPU
		{11BE36D6-9253-4C3E-A95C-07D949D2447F}.Debug|Any CPU.ActiveCfg = Debug|Any CPU
		{11BE36D6-9253-4C3E-A95C-07D949D2447F}.Debug|Any CPU.Build.0 = Debug|Any CPU
		{11BE36D6-9253-4C3E-A95C-07D949D2447F}.Release|Any CPU.ActiveCfg = Release|Any CPU
		{11BE36D6-9253-4C3E-A95C-07D949D2447F}.Release|Any CPU.Build.0 = Release|Any CPU
		{C23F53C1-2AC6-46B6-94F4-454373E39A3B}.Debug|Any CPU.ActiveCfg = Debug|Any CPU
		{C23F53C1-2AC6-46B6-94F4-454373E39A3B}.Debug|Any CPU.Build.0 = Debug|Any CPU
		{C23F53C1-2AC6-46B6-94F4-454373E39A3B}.Release|Any CPU.ActiveCfg = Release|Any CPU
		{C23F53C1-2AC6-46B6-94F4-454373E39A3B}.Release|Any CPU.Build.0 = Release|Any CPU
	EndGlobalSection
	GlobalSection(SolutionProperties) = preSolution
		HideSolutionNode = FALSE
	EndGlobalSection
	GlobalSection(ExtensibilityGlobals) = postSolution
		SolutionGuid = {7530C3C3-B363-49D2-B770-1A34BEC37C76}
	EndGlobalSection
EndGlobal
